{
  "name": "secureflow-node-vulnerable-fixture",
  "version": "1.0.0",
  "lockfileVersion": 3,
  "requires": true,
  "packages": {
    "": {
      "name": "secureflow-node-vulnerable-fixture",
      "version": "1.0.0",
      "dependencies": {
        "express": "4.18.2",
        "lodash": "4.17.20",
        "minimist": "0.0.8"
      }
    }
  }
}
